github.com/davecgh/go-spew v1.1.1 h1:vj9j/u1bqnvCEfJOwUhtlOARqs3+rkHYY13jYWTU97c=
github.com/davecgh/go-spew v1.1.1/go.mod h1:J7Y8YcW2NihsgmVo/mv3lAwl/skON4iLHjSsI+c5H38=
github.com/drshriveer/gtools/genum v0.0.0-20240118184715-48af8963ff63 h1:cFhoeozPLIeQhkK0jTmeyKTEcUqBxVUZoBdtdYOL8lM=
github.com/drshriveer/gtools/genum v0.0.0-20240118184715-48af8963ff63/go.mod h1:pwvQ0V+056Fs3MZFLUYGgMby+ly/1U3KlgmcSkdPz4s=
github.com/drshriveer/gtools/gerror v0.0.0-20240118184715-48af8963ff63 h1:68fFlmjLvkXFDzDuWzl0rEHMh95YcXVBK7RwAm69X24=
github.com/drshriveer/gtools/gerror v0.0.0-20240118184715-48af8963ff63/go.mod h1:ECm354PjhLXufBbOf5r3PcqG23lqSzv3o2C0WVD0YtA=
github.com/drshriveer/gtools/set v0.0.0-20231005181201-9d99596881c4 h1:ipTB+6FtCckFXpabC++XR8nsgXIZ3+Q7fz5y5MQaEVQ=
github.com/drshriveer/gtools/set v0.0.0-20231005181201-9d99596881c4/go.mod h1:oKjRVsjkkR+xeL/D3IqO/QrSSibcoXYuDapbc46LQyA=
github.com/kr/pretty v0.1.0 h1:L/CwN0zerZDmRFUapSPitk6f+Q3+0za1rQkzVuMiMFI=
github.com/kr/text v0.2.0 h1:5Nx0Ya0ZqY2ygV366QzturHI13Jq95ApcVaJBhpS+AY=
github.com/pmezard/go-difflib v1.0.0 h1:4DBwDE0NGyQoBHbLQYPwSUPoCMWR5BEzIk/f1lZbAQM=
github.com/pmezard/go-difflib v1.0.0/go.mod h1:iKH77koFhYxTK1pcRnkKkqfTogsbg7gZNVY4sRDYZ/4=
github.com/puzpuzpuz/xsync/v3 v3.0.2 h1:3yESHrRFYr6xzkz61LLkvNiPFXxJEAABanTQpKbAaew=
github.com/puzpuzpuz/xsync/v3 v3.0.2/go.mod h1:VjzYrABPabuM4KyBh1Ftq6u8nhwY5tBPKP9jpmh0nnA=
github.com/stretchr/testify v1.8.4 h1:CcVxjf3Q8PM0mHUKJCdn+eZZtm5yQwehR5yeSVQQcUk=
github.com/stretchr/testify v1.8.4/go.mod h1:sz/lmYIOXD/1dqDmKjjqLyZ2RngseejIcXlSw2iwfAo=
gopkg.in/check.v1 v0.0.0-20161208181325-20d25e280405/go.mod h1:Co6ibVJAznAaIkqp8huTwlJQCZ016jof/cbN4VW5Yz0=
gopkg.in/check.v1 v1.0.0-20180628173108-788fd7840127 h1:qIbj1fsPNlZgppZ+VLlY7N33q108Sa+fhmuc+sWQYwY=
gopkg.in/yaml.v3 v3.0.1 h1:fxVm/GzAzEWqLHuvctI91KS9hhNmmWOoWu0XTYJS7CA=
gopkg.in/yaml.v3 v3.0.1/go.mod h1:K4uyk7z7BCEPqu6E+C64Yfv1cQ7kz7rIZviUmN+EgEM=
